
Microsoft Visual Studio Solution File, Format Version 12.00
# Visual Studio Version 16
VisualStudioVersion = 16.0.30503.244
MinimumVisualStudioVersion = 10.0.40219.1
Project("{9A19103F-16F7-4668-BE54-9A1E7A4F7556}") = "Vending Machine", "Vending Machine\Vending Machine.csproj", "{A41DB6DF-14CC-41CB-93BF-3984313FEE09}"
EndProject
Project("{FAE04EC0-301F-11D3-BF4B-00C04F79EFBC}") = "ProductTests", "ProductTests\ProductTests.csproj", "{0FF59532-8DA2-4A0F-9C27-279DA460D582}"
EndProject
Project("{FAE04EC0-301F-11D3-BF4B-00C04F79EFBC}") = "VendingMachineTests", "VendingMachineTests\VendingMachineTests.csproj", "{BFC973AD-EDB6-46E7-8DEC-DDB04A620A7D}"
EndProject
Global
	GlobalSection(SolutionConfigurationPlatforms) = preSolution
		Debug|Any CPU = Debug|Any CPU
		Release|Any CPU = Release|Any CPU
	EndGlobalSection
	GlobalSection(ProjectConfigurationPlatforms) = postSolution
		{A41DB6DF-14CC-41CB-93BF-3984313FEE09}.Debug|Any CPU.ActiveCfg = Debug|Any CPU
		{A41DB6DF-14CC-41CB-93BF-3984313FEE09}.Debug|Any CPU.Build.0 = Debug|Any CPU
		{A41DB6DF-14CC-41CB-93BF-3984313FEE09}.Release|Any CPU.ActiveCfg = Release|Any CPU
		{A41DB6DF-14CC-41CB-93BF-3984313FEE09}.Release|Any CPU.Build.0 = Release|Any CPU
		{0FF59532-8DA2-4A0F-9C27-279DA460D582}.Debug|Any CPU.ActiveCfg = Debug|Any CPU
		{0FF59532-8DA2-4A0F-9C27-279DA460D582}.Debug|Any CPU.Build.0 = Debug|Any CPU
		{0FF59532-8DA2-4A0F-9C27-279DA460D582}.Release|Any CPU.ActiveCfg = Release|Any CPU
		{0FF59532-8DA2-4A0F-9C27-279DA460D582}.Release|Any CPU.Build.0 = Release|Any CPU
		{BFC973AD-EDB6-46E7-8DEC-DDB04A620A7D}.Debug|Any CPU.ActiveCfg = Debug|Any CPU
		{BFC973AD-EDB6-46E7-8DEC-DDB04A620A7D}.Debug|Any CPU.Build.0 = Debug|Any CPU
		{BFC973AD-EDB6-46E7-8DEC-DDB04A620A7D}.Release|Any CPU.ActiveCfg = Release|Any CPU
		{BFC973AD-EDB6-46E7-8DEC-DDB04A620A7D}.Release|Any CPU.Build.0 = Release|Any CPU
	EndGlobalSection
	GlobalSection(SolutionProperties) = preSolution
		HideSolutionNode = FALSE
	EndGlobalSection
	GlobalSection(ExtensibilityGlobals) = postSolution
		SolutionGuid = {12031612-FE7B-465B-9936-AE3C288D6F8E}
	EndGlobalSection
EndGlobal
